
Microsoft Visual Studio Solution File, Format Version 12.00
# Visual Studio Version 17
VisualStudioVersion = 17.13.35931.197 d17.13
MinimumVisualStudioVersion = 10.0.40219.1
Project("{FAE04EC0-301F-11D3-BF4B-00C04F79EFBC}") = "AppMultas", "AppMultas.csproj", "{B628E90C-A0A8-44F4-9972-04E38232591E}"
EndProject
Global
	GlobalSection(SolutionConfigurationPlatforms) = preSolution
		Debug|Any CPU = Debug|Any CPU
		Release|Any CPU = Release|Any CPU
	EndGlobalSection
	GlobalSection(ProjectConfigurationPlatforms) = postSolution
		{B628E90C-A0A8-44F4-9972-04E38232591E}.Debug|Any CPU.ActiveCfg = Debug|Any CPU
		{B628E90C-A0A8-44F4-9972-04E38232591E}.Debug|Any CPU.Build.0 = Debug|Any CPU
		{B628E90C-A0A8-44F4-9972-04E38232591E}.Release|Any CPU.ActiveCfg = Release|Any CPU
		{B628E90C-A0A8-44F4-9972-04E38232591E}.Release|Any CPU.Build.0 = Release|Any CPU
	EndGlobalSection
	GlobalSection(SolutionProperties) = preSolution
		HideSolutionNode = FALSE
	EndGlobalSection
	GlobalSection(ExtensibilityGlobals) = postSolution
		SolutionGuid = {68C70AFF-6230-48C2-B635-D3802206A158}
	EndGlobalSection
EndGlobal
